<Solution>
  <Project Path="Array Accounts/Array Accounts.csproj" Id="c739a458-b62c-40a8-a533-555fad461566" />
  <Project Path="Assignment 2/Assignment 2.csproj" />
  <Project Path="Assignment 3/Assignment 3.csproj" />
  <Project Path="Assignment 4/Assignment 4.csproj" />
  <Project Path="Assignment_1/Assignment_1.csproj" />
  <Project Path="BankGame/BankGame.csproj" Id="dd37b271-8c22-45d2-83ab-6e913818aa8d" />
  <Project Path="BookDiscountCalculator/BookDiscountCalculator.csproj" Id="a7f5c391-9ea2-4a12-b091-5c149321edf9" />
  <Project Path="CommandLine_Argument/CommandLine_Argument.csproj" Id="42747279-1d14-411f-b0cb-f782ee9bf965" />
  <Project Path="Fibonacci/Fibonacci.csproj" Id="eb925ca5-6938-41de-87c4-f054f2ee53b1" />
  <Project Path="For_Foreach/For_Foreach.csproj" Id="88c39538-ca8c-4421-92b2-f4cd95e2a75d" />
  <Project Path="For_While/For_While.csproj" Id="c0400637-2f97-4a34-a2d8-7b86addf9600" />
  <Project Path="FuncDelegate/FuncDelegate.csproj" Id="3c127434-e568-4edf-9949-b8ab33bd6a11" />
  <Project Path="Functions and Arrays/Functions and Arrays.csproj" Id="3ad808d1-7846-4cc9-b0f4-1f5a26411cba" />
  <Project Path="InOutParams/InOutParams.csproj" Id="bf0e3be6-c802-4970-ae55-4cc9dbf8b24a" />
  <Project Path="MulticastDelegates/MulticastDelegates.csproj" Id="f3bac52d-1799-419c-96c0-cb7e3b8e2b4e" />
  <Project Path="MultiLevel Inheritance/MultiLevel Inheritance.csproj" Id="7406317d-2b8a-4ac7-b120-25101fdde969" />
  <Project Path="Number_guess_game/Number_guess_game.csproj" Id="76e46556-23b2-4fff-82e6-60dcc7e0888e" />
  <Project Path="Palindrome_string/Palindrome_string.csproj" Id="8350bb5a-d0b8-439c-ada4-0f82458c9e7a" />
  <Project Path="PIG Game/PIG Game.csproj" Id="802b5088-d1e2-4de1-b6b2-c5c8e57d30ad" />
  <Project Path="Planet Gravity Enum/Planet Gravity Enum.csproj" Id="a1b44149-1dfd-4c40-8eb1-0c58dd6a4aac" />
  <Project Path="POCCollecionAndPolymorphism/POCCollecionAndPolymorphism.csproj" Id="5ae2896e-dfb0-4a23-ba89-7e7b7bd11caa" />
  <Project Path="POC_boxing_constructor/POC_boxing_constructor.csproj" Id="f071a50f-25d2-4046-8e41-19c6cb612546" />
  <Project Path="PredicateDemo/PredicateDemo.csproj" Id="8e0e83b1-ec2f-4452-bc0c-adca4bad031f" />
  <Project Path="ProductApp/ProductApp.csproj" Id="9bbcd009-2076-49a8-ac17-25aa033f57fe" />
  <Project Path="StudentGrading/StudentGrading.csproj" Id="6bbcafda-1006-4c10-b745-5e0186837ac1" />
  <Project Path="UniversityEnrollmentCourse/UniversityEnrollmentCourse.csproj" Id="464f97c9-4d94-4e82-979b-2988db3e1df5" />
</Solution>
